Microsoft Visual Studio Solution File, Format Version 12.00
# Visual Studio Version 17
VisualStudioVersion = 17.5.2.0
MinimumVisualStudioVersion = 10.0.40219.1
Project("{FAE04EC0-301F-11D3-BF4B-00C04F79EFBC}") = "UiTests", "UiTests\UiTests.csproj", "{2FCDA447-D604-B697-541D-BCDFF5B2DCEF}"
EndProject
Project("{FAE04EC0-301F-11D3-BF4B-00C04F79EFBC}") = "ApiTests", "ApiTests\ApiTests.csproj", "{532A34D9-5DC6-571D-9223-EDF87BA78C60}"
EndProject
Global
	GlobalSection(SolutionConfigurationPlatforms) = preSolution
		Debug|Any CPU = Debug|Any CPU
		Release|Any CPU = Release|Any CPU
	EndGlobalSection
	GlobalSection(ProjectConfigurationPlatforms) = postSolution
		{2FCDA447-D604-B697-541D-BCDFF5B2DCEF}.Debug|Any CPU.ActiveCfg = Debug|Any CPU
		{2FCDA447-D604-B697-541D-BCDFF5B2DCEF}.Debug|Any CPU.Build.0 = Debug|Any CPU
		{2FCDA447-D604-B697-541D-BCDFF5B2DCEF}.Release|Any CPU.ActiveCfg = Release|Any CPU
		{2FCDA447-D604-B697-541D-BCDFF5B2DCEF}.Release|Any CPU.Build.0 = Release|Any CPU
		{532A34D9-5DC6-571D-9223-EDF87BA78C60}.Debug|Any CPU.ActiveCfg = Debug|Any CPU
		{532A34D9-5DC6-571D-9223-EDF87BA78C60}.Debug|Any CPU.Build.0 = Debug|Any CPU
		{532A34D9-5DC6-571D-9223-EDF87BA78C60}.Release|Any CPU.ActiveCfg = Release|Any CPU
		{532A34D9-5DC6-571D-9223-EDF87BA78C60}.Release|Any CPU.Build.0 = Release|Any CPU
	EndGlobalSection
	GlobalSection(SolutionProperties) = preSolution
		HideSolutionNode = FALSE
	EndGlobalSection
	GlobalSection(ExtensibilityGlobals) = postSolution
		SolutionGuid = {3E4D2625-37C7-4EA6-95B7-7CDFD271D006}
	EndGlobalSection
EndGlobal
